{
  "name": "project-skills-orchestrator",
  "version": "1.0.2",
  "lockfileVersion": 3,
  "requires": true,
  "packages": {
    "": {
      "name": "project-skills-orchestrator",
      "version": "1.0.2",
      "license": "UNLICENSED",
      "bin": {
        "skills-orchestrator": "pso.mjs"
      },
      "engines": {
        "node": "^22.0.0 || ^24.0.0 || ^26.0.0"
      }
    }
  }
}
